// !$*UTF8*$!
{
	archiveVersion = 1;
	classes = {
	};
	objectVersion = 46;
	objects = {

/* Begin PBXBuildFile section */
		33421EFC1B086E09002CC7EB /* main.m in Sources */ = {isa = PBXBuildFile; fileRef = 33421EFB1B086E09002CC7EB /* main.m */; };
		33421EFF1B086E09002CC7EB /* AppDelegate.m in Sources */ = {isa = PBXBuildFile; fileRef = 33421EFE1B086E09002CC7EB /* AppDelegate.m */; };
		33421F021B086E09002CC7EB /* ViewController.m in Sources */ = {isa = PBXBuildFile; fileRef = 33421F011B086E09002CC7EB /* ViewController.m */; };
		33421F051B086E09002CC7EB /* Main.storyboard in Resources */ = {isa = PBXBuildFile; fileRef = 33421F031B086E09002CC7EB /* Main.storyboard */; };
		33421F071B086E09002CC7EB /* Images.xcassets in Resources */ = {isa = PBXBuildFile; fileRef = 33421F061B086E09002CC7EB /* Images.xcassets */; };
		33421F0A1B086E09002CC7EB /* LaunchScreen.xib in Resources */ = {isa = PBXBuildFile; fileRef = 33421F081B086E09002CC7EB /* LaunchScreen.xib */; };
		33421F161B086E09002CC7EB /* DashLineTests.m in Sources */ = {isa = PBXBuildFile; fileRef = 33421F151B086E09002CC7EB /* DashLineTests.m */; };
		33421F251B087DB6002CC7EB /* DashLine.m in Sources */ = {isa = PBXBuildFile; fileRef = 33421F241B087DB6002CC7EB /* DashLine.m */; };
/* End PBXBuildFile section */

/* Begin PBXContainerItemProxy section */
		33421F101B086E09002CC7EB /* PBXContainerItemProxy */ = {
			isa = PBXContainerItemProxy;
			containerPortal = 33421EEE1B086E09002CC7EB /* Project object */;
			proxyType = 1;
			remoteGlobalIDString = 33421EF51B086E09002CC7EB;
			remoteInfo = DashLine;
		};
/* End PBXContainerItemProxy section */

/* Begin PBXFileReference section */
		33421EF61B086E09002CC7EB /* DashLine.app */ = {isa = PBXFileReference; explicitFileType = wrapper.application; includeInIndex = 0; path = DashLine.app; sourceTree = BUILT_PRODUCTS_DIR; };
		33421EFA1B086E09002CC7EB /* Info.plist */ = {isa = PBXFileReference; lastKnownFileType = text.plist.xml; path = Info.plist; sourceTree = "<group>"; };
		33421EFB1B086E09002CC7EB /* main.m */ = {isa = PBXFileReference; lastKnownFileType = sourcecode.c.objc; path = main.m; sourceTree = "<group>"; };
		33421EFD1B086E09002CC7EB /* AppDelegate.h */ = {isa = PBXFileReference; lastKnownFileType = sourcecode.c.h; path = AppDelegate.h; sourceTree = "<group>"; };
		33421EFE1B086E09002CC7EB /* AppDelegate.m */ = {isa = PBXFileReference; lastKnownFileType = sourcecode.c.objc; path = AppDelegate.m; sourceTree = "<group>"; };
		33421F001B086E09002CC7EB /* ViewController.h */ = {isa = PBXFileReference; lastKnownFileType = sourcecode.c.h; path = ViewController.h; sourceTree = "<group>"; };
		33421F011B086E09002CC7EB /* ViewController.m */ = {isa = PBXFileReference; lastKnownFileType = sourcecode.c.objc; path = ViewController.m; sourceTree = "<group>"; };
		33421F041B086E09002CC7EB /* Base */ = {isa = PBXFileReference; lastKnownFileType = file.storyboard; name = Base; path = Base.lproj/Main.storyboard; sourceTree = "<group>"; };
		33421F061B086E09002CC7EB /* Images.xcassets */ = {isa = PBXFileReference; lastKnownFileType = folder.assetcatalog; path = Images.xcassets; sourceTree = "<group>"; };
		33421F091B086E09002CC7EB /* Base */ = {isa = PBXFileReference; lastKnownFileType = file.xib; name = Base; path = Base.lproj/LaunchScreen.xib; sourceTree = "<group>"; };
		33421F0F1B086E09002CC7EB /* DashLineTests.xctest */ = {isa = PBXFileReference; explicitFileType = wrapper.cfbundle; includeInIndex = 0; path = DashLineTests.xctest; sourceTree = BUILT_PRODUCTS_DIR; };
		33421F141B086E09002CC7EB /* Info.plist */ = {isa = PBXFileReference; lastKnownFileType = text.plist.xml; path = Info.plist; sourceTree = "<group>"; };
		33421F151B086E09002CC7EB /* DashLineTests.m */ = {isa = PBXFileReference; lastKnownFileType = sourcecode.c.objc; path = DashLineTests.m; sourceTree = "<group>"; };
		33421F231B087DB6002CC7EB /* DashLine.h */ = {isa = PBXFileReference; fileEncoding = 4; lastKnownFileType = sourcecode.c.h; path = DashLine.h; sourceTree = "<group>"; };
		33421F241B087DB6002CC7EB /* DashLine.m */ = {isa = PBXFileReference; fileEncoding = 4; lastKnownFileType = sourcecode.c.objc; path = DashLine.m; sourceTree = "<group>"; };
/* End PBXFileReference section */

/* Begin PBXFrameworksBuildPhase section */
		33421EF31B086E09002CC7EB /* Frameworks */ = {
			isa = PBXFrameworksBuildPhase;
			buildActionMask = 2147483647;
			files = (
			);
			runOnlyForDeploymentPostprocessing = 0;
		};
		33421F0C1B086E09002CC7EB /* Frameworks */ = {
			isa = PBXFrameworksBuildPhase;
			buildActionMask = 2147483647;
			files = (
			);
			runOnlyForDeploymentPostprocessing = 0;
		};
/* End PBXFrameworksBuildPhase section */

/* Begin PBXGroup section */
		33421EED1B086E09002CC7EB = {
			isa = PBXGroup;
			children = (
				33421EF81B086E09002CC7EB /* DashLine */,
				33421F121B086E09002CC7EB /* DashLineTests */,
				33421EF71B086E09002CC7EB /* Products */,
			);
			sourceTree = "<group>";
		};
		33421EF71B086E09002CC7EB /* Products */ = {
			isa = PBXGroup;
			children = (
				33421EF61B086E09002CC7EB /* DashLine.app */,
				33421F0F1B086E09002CC7EB /* DashLineTests.xctest */,
			);
			name = Products;
			sourceTree = "<group>";
		};
		33421EF81B086E09002CC7EB /* DashLine */ = {
			isa = PBXGroup;
			children = (
				33421F221B087DB6002CC7EB /* DashLine */,
				33421EFD1B086E09002CC7EB /* AppDelegate.h */,
				33421EFE1B086E09002CC7EB /* AppDelegate.m */,
				33421F001B086E09002CC7EB /* ViewController.h */,
				33421F011B086E09002CC7EB /* ViewController.m */,
				33421F031B086E09002CC7EB /* Main.storyboard */,
				33421F061B086E09002CC7EB /* Images.xcassets */,
				33421F081B086E09002CC7EB /* LaunchScreen.xib */,
				33421EF91B086E09002CC7EB /* Supporting Files */,
			);
			path = DashLine;
			sourceTree = "<group>";
		};
		33421EF91B086E09002CC7EB /* Supporting Files */ = {
			isa = PBXGroup;
			children = (
				33421EFA1B086E09002CC7EB /* Info.plist */,
				33421EFB1B086E09002CC7EB /* main.m */,
			);
			name = "Supporting Files";
			sourceTree = "<group>";
		};
		33421F121B086E09002CC7EB /* DashLineTests */ = {
			isa = PBXGroup;
			children = (
				33421F151B086E09002CC7EB /* DashLineTests.m */,
				33421F131B086E09002CC7EB /* Supporting Files */,
			);
			path = DashLineTests;
			sourceTree = "<group>";
		};
		33421F131B086E09002CC7EB /* Supporting Files */ = {
			isa = PBXGroup;
			children = (
				33421F141B086E09002CC7EB /* Info.plist */,
			);
			name = "Supporting Files";
			sourceTree = "<group>";
		};
		33421F221B087DB6002CC7EB /* DashLine */ = {
			isa = PBXGroup;
			children = (
				33421F231B087DB6002CC7EB /* DashLine.h */,
				33421F241B087DB6002CC7EB /* DashLine.m */,
			);
			path = DashLine;
			sourceTree = "<group>";
		};
/* End PBXGroup section */

/* Begin PBXNativeTarget section */
		33421EF51B086E09002CC7EB /* DashLine */ = {
			isa = PBXNativeTarget;
			buildConfigurationList = 33421F191B086E09002CC7EB /* Build configuration list for PBXNativeTarget "DashLine" */;
			buildPhases = (
				33421EF21B086E09002CC7EB /* Sources */,
				33421EF31B086E09002CC7EB /* Frameworks */,
				33421EF41B086E09002CC7EB /* Resources */,
			);
			buildRules = (
			);
			dependencies = (
			);
			name = DashLine;
			productName = DashLine;
			productReference = 33421EF61B086E09002CC7EB /* DashLine.app */;
			productType = "com.apple.product-type.application";
		};
		33421F0E1B086E09002CC7EB /* DashLineTests */ = {
			isa = PBXNativeTarget;
			buildConfigurationList = 33421F1C1B086E09002CC7EB /* Build configuration list for PBXNativeTarget "DashLineTests" */;
			buildPhases = (
				33421F0B1B086E09002CC7EB /* Sources */,
				33421F0C1B086E09002CC7EB /* Frameworks */,
				33421F0D1B086E09002CC7EB /* Resources */,
			);
			buildRules = (
			);
			dependencies = (
				33421F111B086E09002CC7EB /* PBXTargetDependency */,
			);
			name = DashLineTests;
			productName = DashLineTests;
			productReference = 33421F0F1B086E09002CC7EB /* DashLineTests.xctest */;
			productType = "com.apple.product-type.bundle.unit-test";
		};
/* End PBXNativeTarget section */

/* Begin PBXProject section */
		33421EEE1B086E09002CC7EB /* Project object */ = {
			isa = PBXProject;
			attributes = {
				LastUpgradeCheck = 0630;
				ORGANIZATIONNAME = jackdono;
				TargetAttributes = {
					33421EF51B086E09002CC7EB = {
						CreatedOnToolsVersion = 6.3.1;
					};
					33421F0E1B086E09002CC7EB = {
						CreatedOnToolsVersion = 6.3.1;
						TestTargetID = 33421EF51B086E09002CC7EB;
					};
				};
			};
			buildConfigurationList = 33421EF11B086E09002CC7EB /* Build configuration list for PBXProject "DashLine" */;
			compatibilityVersion = "Xcode 3.2";
			developmentRegion = English;
			hasScannedForEncodings = 0;
			knownRegions = (
				en,
				Base,
			);
			mainGroup = 33421EED1B086E09002CC7EB;
			productRefGroup = 33421EF71B086E09002CC7EB /* Products */;
			projectDirPath = "";
			projectRoot = "";
			targets = (
				33421EF51B086E09002CC7EB /* DashLine */,
				33421F0E1B086E09002CC7EB /* DashLineTests */,
			);
		};
/* End PBXProject section */

/* Begin PBXResourcesBuildPhase section */
		33421EF41B086E09002CC7EB /* Resources */ = {
			isa = PBXResourcesBuildPhase;
			buildActionMask = 2147483647;
			files = (
				33421F051B086E09002CC7EB /* Main.storyboard in Resources */,
				33421F0A1B086E09002CC7EB /* LaunchScreen.xib in Resources */,
				33421F071B086E09002CC7EB /* Images.xcassets in Resources */,
			);
			runOnlyForDeploymentPostprocessing = 0;
		};
		33421F0D1B086E09002CC7EB /* Resources */ = {
			isa = PBXResourcesBuildPhase;
			buildActionMask = 2147483647;
			files = (
			);
			runOnlyForDeploymentPostprocessing = 0;
		};
/* End PBXResourcesBuildPhase section */

/* Begin PBXSourcesBuildPhase section */
		33421EF21B086E09002CC7EB /* Sources */ = {
			isa = PBXSourcesBuildPhase;
			buildActionMask = 2147483647;
			files = (
				33421F021B086E09002CC7EB /* ViewController.m in Sources */,
				33421F251B087DB6002CC7EB /* DashLine.m in Sources */,
				33421EFF1B086E09002CC7EB /* AppDelegate.m in Sources */,
				33421EFC1B086E09002CC7EB /* main.m in Sources */,
			);
			runOnlyForDeploymentPostprocessing = 0;
		};
		33421F0B1B086E09002CC7EB /* Sources */ = {
			isa = PBXSourcesBuildPhase;
			buildActionMask = 2147483647;
			files = (
				33421F161B086E09002CC7EB /* DashLineTests.m in Sources */,
			);
			runOnlyForDeploymentPostprocessing = 0;
		};
/* End PBXSourcesBuildPhase section */

/* Begin PBXTargetDependency section */
		33421F111B086E09002CC7EB /* PBXTargetDependency */ = {
			isa = PBXTargetDependency;
			target = 33421EF51B086E09002CC7EB /* DashLine */;
			targetProxy = 33421F101B086E09002CC7EB /* PBXContainerItemProxy */;
		};
/* End PBXTargetDependency section */

/* Begin PBXVariantGroup section */
		33421F031B086E09002CC7EB /* Main.storyboard */ = {
			isa = PBXVariantGroup;
			children = (
				33421F041B086E09002CC7EB /* Base */,
			);
			name = Main.storyboard;
			sourceTree = "<group>";
		};
		33421F081B086E09002CC7EB /* LaunchScreen.xib */ = {
			isa = PBXVariantGroup;
			children = (
				33421F091B086E09002CC7EB /* Base */,
			);
			name = LaunchScreen.xib;
			sourceTree = "<group>";
		};
/* End PBXVariantGroup section */

/* Begin XCBuildConfiguration section */
		33421F171B086E09002CC7EB /* Debug */ = {
			isa = XCBuildConfiguration;
			buildSettings = {
				ALWAYS_SEARCH_USER_PATHS = NO;
				CLANG_CXX_LANGUAGE_STANDARD = "gnu++0x";
				CLANG_CXX_LIBRARY = "libc++";
				CLANG_ENABLE_MODULES = YES;
				CLANG_ENABLE_OBJC_ARC = YES;
				CLANG_WARN_BOOL_CONVERSION = YES;
				CLANG_WARN_CONSTANT_CONVERSION = YES;
				CLANG_WARN_DIRECT_OBJC_ISA_USAGE = YES_ERROR;
				CLANG_WARN_EMPTY_BODY = YES;
				CLANG_WARN_ENUM_CONVERSION = YES;
				CLANG_WARN_INT_CONVERSION = YES;
				CLANG_WARN_OBJC_ROOT_CLASS = YES_ERROR;
				CLANG_WARN_UNREACHABLE_CODE = YES;
				CLANG_WARN__DUPLICATE_METHOD_MATCH = YES;
				"CODE_SIGN_IDENTITY[sdk=iphoneos*]" = "iPhone Developer";
				COPY_PHASE_STRIP = NO;
				DEBUG_INFORMATION_FORMAT = "dwarf-with-dsym";
				ENABLE_STRICT_OBJC_MSGSEND = YES;
				GCC_C_LANGUAGE_STANDARD = gnu99;
				GCC_DYNAMIC_NO_PIC = NO;
				GCC_NO_COMMON_BLOCKS = YES;
				GCC_OPTIMIZATION_LEVEL = 0;
				GCC_PREPROCESSOR_DEFINITIONS = (
					"DEBUG=1",
					"$(inherited)",
				);
				GCC_SYMBOLS_PRIVATE_EXTERN = NO;
				GCC_WARN_64_TO_32_BIT_CONVERSION = YES;
				GCC_WARN_ABOUT_RETURN_TYPE = YES_ERROR;
				GCC_WARN_UNDECLARED_SELECTOR = YES;
				GCC_WARN_UNINITIALIZED_AUTOS = YES_AGGRESSIVE;
				GCC_WARN_UNUSED_FUNCTION = YES;
				GCC_WARN_UNUSED_VARIABLE = YES;
				IPHONEOS_DEPLOYMENT_TARGET = 8.3;
				MTL_ENABLE_DEBUG_INFO = YES;
				ONLY_ACTIVE_ARCH = YES;
				SDKROOT = iphoneos;
			};
			name = Debug;
		};
		33421F181B086E09002CC7EB /* Release */ = {
			isa = XCBuildConfiguration;
			buildSettings = {
				ALWAYS_SEARCH_USER_PATHS = NO;
				CLANG_CXX_LANGUAGE_STANDARD = "gnu++0x";
				CLANG_CXX_LIBRARY = "libc++";
				CLANG_ENABLE_MODULES = YES;
				CLANG_ENABLE_OBJC_ARC = YES;
				CLANG_WARN_BOOL_CONVERSION = YES;
				CLANG_WARN_CONSTANT_CONVERSION = YES;
				CLANG_WARN_DIRECT_OBJC_ISA_USAGE = YES_ERROR;
				CLANG_WARN_EMPTY_BODY = YES;
				CLANG_WARN_ENUM_CONVERSION = YES;
				CLANG_WARN_INT_CONVERSION = YES;
				CLANG_WARN_OBJC_ROOT_CLASS = YES_ERROR;
				CLANG_WARN_UNREACHABLE_CODE = YES;
				CLANG_WARN__DUPLICATE_METHOD_MATCH = YES;
				"CODE_SIGN_IDENTITY[sdk=iphoneos*]" = "iPhone Developer";
				COPY_PHASE_STRIP = NO;
				DEBUG_INFORMATION_FORMAT = "dwarf-with-dsym";
				ENABLE_NS_ASSERTIONS = NO;
				ENABLE_STRICT_OBJC_MSGSEND = YES;
				GCC_C_LANGUAGE_STANDARD = gnu99;
				GCC_NO_COMMON_BLOCKS = YES;
				GCC_WARN_64_TO_32_BIT_CONVERSION = YES;
				GCC_WARN_ABOUT_RETURN_TYPE = YES_ERROR;
				GCC_WARN_UNDECLARED_SELECTOR = YES;
				GCC_WARN_UNINITIALIZED_AUTOS = YES_AGGRESSIVE;
				GCC_WARN_UNUSED_FUNCTION = YES;
				GCC_WARN_UNUSED_VARIABLE = YES;
				IPHONEOS_DEPLOYMENT_TARGET = 8.3;
				MTL_ENABLE_DEBUG_INFO = NO;
				SDKROOT = iphoneos;
				VALIDATE_PRODUCT = YES;
			};
			name = Release;
		};
		33421F1A1B086E09002CC7EB /* Debug */ = {
			isa = XCBuildConfiguration;
			buildSettings = {
				ASSETCATALOG_COMPILER_APPICON_NAME = AppIcon;
				INFOPLIST_FILE = DashLine/Info.plist;
				LD_RUNPATH_SEARCH_PATHS = "$(inherited) @executable_path/Frameworks";
				PRODUCT_NAME = "$(TARGET_NAME)";
			};
			name = Debug;
		};
		33421F1B1B086E09002CC7EB /* Release */ = {
			isa = XCBuildConfiguration;
			buildSettings = {
				ASSETCATALOG_COMPILER_APPICON_NAME = AppIcon;
				INFOPLIST_FILE = DashLine/Info.plist;
				LD_RUNPATH_SEARCH_PATHS = "$(inherited) @executable_path/Frameworks";
				PRODUCT_NAME = "$(TARGET_NAME)";
			};
			name = Release;
		};
		33421F1D1B086E09002CC7EB /* Debug */ = {
			isa = XCBuildConfiguration;
			buildSettings = {
				BUNDLE_LOADER = "$(TEST_HOST)";
				FRAMEWORK_SEARCH_PATHS = (
					"$(SDKROOT)/Developer/Library/Frameworks",
					"$(inherited)",
				);
				GCC_PREPROCESSOR_DEFINITIONS = (
					"DEBUG=1",
					"$(inherited)",
				);
				INFOPLIST_FILE = DashLineTests/Info.plist;
				LD_RUNPATH_SEARCH_PATHS = "$(inherited) @executable_path/Frameworks @loader_path/Frameworks";
				PRODUCT_NAME = "$(TARGET_NAME)";
				TEST_HOST = "$(BUILT_PRODUCTS_DIR)/DashLine.app/DashLine";
			};
			name = Debug;
		};
		33421F1E1B086E09002CC7EB /* Release */ = {
			isa = XCBuildConfiguration;
			buildSettings = {
				BUNDLE_LOADER = "$(TEST_HOST)";
				FRAMEWORK_SEARCH_PATHS = (
					"$(SDKROOT)/Developer/Library/Frameworks",
					"$(inherited)",
				);
				INFOPLIST_FILE = DashLineTests/Info.plist;
				LD_RUNPATH_SEARCH_PATHS = "$(inherited) @executable_path/Frameworks @loader_path/Frameworks";
				PRODUCT_NAME = "$(TARGET_NAME)";
				TEST_HOST = "$(BUILT_PRODUCTS_DIR)/DashLine.app/DashLine";
			};
			name = Release;
		};
/* End XCBuildConfiguration section */

/* Begin XCConfigurationList section */
		33421EF11B086E09002CC7EB /* Build configuration list for PBXProject "DashLine" */ = {
			isa = XCConfigurationList;
			buildConfigurations = (
				33421F171B086E09002CC7EB /* Debug */,
				33421F181B086E09002CC7EB /* Release */,
			);
			defaultConfigurationIsVisible = 0;
			defaultConfigurationName = Release;
		};
		33421F191B086E09002CC7EB /* Build configuration list for PBXNativeTarget "DashLine" */ = {
			isa = XCConfigurationList;
			buildConfigurations = (
				33421F1A1B086E09002CC7EB /* Debug */,
				33421F1B1B086E09002CC7EB /* Release */,
			);
			defaultConfigurationIsVisible = 0;
		};
		33421F1C1B086E09002CC7EB /* Build configuration list for PBXNativeTarget "DashLineTests" */ = {
			isa = XCConfigurationList;
			buildConfigurations = (
				33421F1D1B086E09002CC7EB /* Debug */,
				33421F1E1B086E09002CC7EB /* Release */,
			);
			defaultConfigurationIsVisible = 0;
		};
/* End XCConfigurationList section */
	};
	rootObject = 33421EEE1B086E09002CC7EB /* Project object */;
}
